// !$*UTF8*$!
{
	archiveVersion = 1;
	classes = {
	};
	objectVersion = 50;
	objects = {

/* Begin PBXBuildFile section */
		2EC76CA425C483B4008E19B3 /* AppDelegate.swift in Sources */ = {isa = PBXBuildFile; fileRef = 2EC76CA325C483B4008E19B3 /* AppDelegate.swift */; };
		2EC76CA625C483B4008E19B3 /* SceneDelegate.swift in Sources */ = {isa = PBXBuildFile; fileRef = 2EC76CA525C483B4008E19B3 /* SceneDelegate.swift */; };
		2EC76CA825C483B4008E19B3 /* ViewController.swift in Sources */ = {isa = PBXBuildFile; fileRef = 2EC76CA725C483B4008E19B3 /* ViewController.swift */; };
		2EC76CAB25C483B4008E19B3 /* Main.storyboard in Resources */ = {isa = PBXBuildFile; fileRef = 2EC76CA925C483B4008E19B3 /* Main.storyboard */; };
		2EC76CAD25C483B5008E19B3 /* Assets.xcassets in Resources */ = {isa = PBXBuildFile; fileRef = 2EC76CAC25C483B5008E19B3 /* Assets.xcassets */; };
		2EC76CB025C483B5008E19B3 /* LaunchScreen.storyboard in Resources */ = {isa = PBXBuildFile; fileRef = 2EC76CAE25C483B5008E19B3 /* LaunchScreen.storyboard */; };
		2EC76CBB25C483B5008E19B3 /* PactConsumerSwiftExampleTests.swift in Sources */ = {isa = PBXBuildFile; fileRef = 2EC76CBA25C483B5008E19B3 /* PactConsumerSwiftExampleTests.swift */; };
		2EC76CC625C483B5008E19B3 /* PactConsumerSwiftExampleUITests.swift in Sources */ = {isa = PBXBuildFile; fileRef = 2EC76CC525C483B5008E19B3 /* PactConsumerSwiftExampleUITests.swift */; };
		2EC76CD825C48561008E19B3 /* HTTPRequestProtocol.swift in Sources */ = {isa = PBXBuildFile; fileRef = 2EC76CD725C48561008E19B3 /* HTTPRequestProtocol.swift */; };
		2EC76CE025C48574008E19B3 /* HTTPClient.swift in Sources */ = {isa = PBXBuildFile; fileRef = 2EC76CDF25C48574008E19B3 /* HTTPClient.swift */; };
/* End PBXBuildFile section */

/* Begin PBXContainerItemProxy section */
		2EC76CB725C483B5008E19B3 /* PBXContainerItemProxy */ = {
			isa = PBXContainerItemProxy;
			containerPortal = 2EC76C9825C483B4008E19B3 /* Project object */;
			proxyType = 1;
			remoteGlobalIDString = 2EC76C9F25C483B4008E19B3;
			remoteInfo = PactConsumerSwiftExample;
		};
		2EC76CC225C483B5008E19B3 /* PBXContainerItemProxy */ = {
			isa = PBXContainerItemProxy;
			containerPortal = 2EC76C9825C483B4008E19B3 /* Project object */;
			proxyType = 1;
			remoteGlobalIDString = 2EC76C9F25C483B4008E19B3;
			remoteInfo = PactConsumerSwiftExample;
		};
/* End PBXContainerItemProxy section */

/* Begin PBXFileReference section */
		2EC76CA025C483B4008E19B3 /* PactConsumerSwiftExample.app */ = {isa = PBXFileReference; explicitFileType = wrapper.application; includeInIndex = 0; path = PactConsumerSwiftExample.app; sourceTree = BUILT_PRODUCTS_DIR; };
		2EC76CA325C483B4008E19B3 /* AppDelegate.swift */ = {isa = PBXFileReference; lastKnownFileType = sourcecode.swift; path = AppDelegate.swift; sourceTree = "<group>"; };
		2EC76CA525C483B4008E19B3 /* SceneDelegate.swift */ = {isa = PBXFileReference; lastKnownFileType = sourcecode.swift; path = SceneDelegate.swift; sourceTree = "<group>"; };
		2EC76CA725C483B4008E19B3 /* ViewController.swift */ = {isa = PBXFileReference; lastKnownFileType = sourcecode.swift; path = ViewController.swift; sourceTree = "<group>"; };
		2EC76CAA25C483B4008E19B3 /* Base */ = {isa = PBXFileReference; lastKnownFileType = file.storyboard; name = Base; path = Base.lproj/Main.storyboard; sourceTree = "<group>"; };
		2EC76CAC25C483B5008E19B3 /* Assets.xcassets */ = {isa = PBXFileReference; lastKnownFileType = folder.assetcatalog; path = Assets.xcassets; sourceTree = "<group>"; };
		2EC76CAF25C483B5008E19B3 /* Base */ = {isa = PBXFileReference; lastKnownFileType = file.storyboard; name = Base; path = Base.lproj/LaunchScreen.storyboard; sourceTree = "<group>"; };
		2EC76CB125C483B5008E19B3 /* Info.plist */ = {isa = PBXFileReference; lastKnownFileType = text.plist.xml; path = Info.plist; sourceTree = "<group>"; };
		2EC76CB625C483B5008E19B3 /* PactConsumerSwiftExampleTests.xctest */ = {isa = PBXFileReference; explicitFileType = wrapper.cfbundle; includeInIndex = 0; path = PactConsumerSwiftExampleTests.xctest; sourceTree = BUILT_PRODUCTS_DIR; };
		2EC76CBA25C483B5008E19B3 /* PactConsumerSwiftExampleTests.swift */ = {isa = PBXFileReference; lastKnownFileType = sourcecode.swift; path = PactConsumerSwiftExampleTests.swift; sourceTree = "<group>"; };
		2EC76CBC25C483B5008E19B3 /* Info.plist */ = {isa = PBXFileReference; lastKnownFileType = text.plist.xml; path = Info.plist; sourceTree = "<group>"; };
		2EC76CC125C483B5008E19B3 /* PactConsumerSwiftExampleUITests.xctest */ = {isa = PBXFileReference; explicitFileType = wrapper.cfbundle; includeInIndex = 0; path = PactConsumerSwiftExampleUITests.xctest; sourceTree = BUILT_PRODUCTS_DIR; };
		2EC76CC525C483B5008E19B3 /* PactConsumerSwiftExampleUITests.swift */ = {isa = PBXFileReference; lastKnownFileType = sourcecode.swift; path = PactConsumerSwiftExampleUITests.swift; sourceTree = "<group>"; };
		2EC76CC725C483B5008E19B3 /* Info.plist */ = {isa = PBXFileReference; lastKnownFileType = text.plist.xml; path = Info.plist; sourceTree = "<group>"; };
		2EC76CD725C48561008E19B3 /* HTTPRequestProtocol.swift */ = {isa = PBXFileReference; lastKnownFileType = sourcecode.swift; path = HTTPRequestProtocol.swift; sourceTree = "<group>"; };
		2EC76CDF25C48574008E19B3 /* HTTPClient.swift */ = {isa = PBXFileReference; lastKnownFileType = sourcecode.swift; path = HTTPClient.swift; sourceTree = "<group>"; };
/* End PBXFileReference section */

/* Begin PBXFrameworksBuildPhase section */
		2EC76C9D25C483B4008E19B3 /* Frameworks */ = {
			isa = PBXFrameworksBuildPhase;
			buildActionMask = 2147483647;
			files = (
			);
			runOnlyForDeploymentPostprocessing = 0;
		};
		2EC76CB325C483B5008E19B3 /* Frameworks */ = {
			isa = PBXFrameworksBuildPhase;
			buildActionMask = 2147483647;
			files = (
			);
			runOnlyForDeploymentPostprocessing = 0;
		};
		2EC76CBE25C483B5008E19B3 /* Frameworks */ = {
			isa = PBXFrameworksBuildPhase;
			buildActionMask = 2147483647;
			files = (
			);
			runOnlyForDeploymentPostprocessing = 0;
		};
/* End PBXFrameworksBuildPhase section */

/* Begin PBXGroup section */
		2EC76C9725C483B4008E19B3 = {
			isa = PBXGroup;
			children = (
				2EC76CA225C483B4008E19B3 /* PactConsumerSwiftExample */,
				2EC76CB925C483B5008E19B3 /* PactConsumerSwiftExampleTests */,
				2EC76CC425C483B5008E19B3 /* PactConsumerSwiftExampleUITests */,
				2EC76CA125C483B4008E19B3 /* Products */,
			);
			sourceTree = "<group>";
		};
		2EC76CA125C483B4008E19B3 /* Products */ = {
			isa = PBXGroup;
			children = (
				2EC76CA025C483B4008E19B3 /* PactConsumerSwiftExample.app */,
				2EC76CB625C483B5008E19B3 /* PactConsumerSwiftExampleTests.xctest */,
				2EC76CC125C483B5008E19B3 /* PactConsumerSwiftExampleUITests.xctest */,
			);
			name = Products;
			sourceTree = "<group>";
		};
		2EC76CA225C483B4008E19B3 /* PactConsumerSwiftExample */ = {
			isa = PBXGroup;
			children = (
				2EC76CD625C484F3008E19B3 /* HTTPService */,
				2EC76CA325C483B4008E19B3 /* AppDelegate.swift */,
				2EC76CA525C483B4008E19B3 /* SceneDelegate.swift */,
				2EC76CA725C483B4008E19B3 /* ViewController.swift */,
				2EC76CA925C483B4008E19B3 /* Main.storyboard */,
				2EC76CAC25C483B5008E19B3 /* Assets.xcassets */,
				2EC76CAE25C483B5008E19B3 /* LaunchScreen.storyboard */,
				2EC76CB125C483B5008E19B3 /* Info.plist */,
			);
			path = PactConsumerSwiftExample;
			sourceTree = "<group>";
		};
		2EC76CB925C483B5008E19B3 /* PactConsumerSwiftExampleTests */ = {
			isa = PBXGroup;
			children = (
				2EC76CBA25C483B5008E19B3 /* PactConsumerSwiftExampleTests.swift */,
				2EC76CBC25C483B5008E19B3 /* Info.plist */,
			);
			path = PactConsumerSwiftExampleTests;
			sourceTree = "<group>";
		};
		2EC76CC425C483B5008E19B3 /* PactConsumerSwiftExampleUITests */ = {
			isa = PBXGroup;
			children = (
				2EC76CC525C483B5008E19B3 /* PactConsumerSwiftExampleUITests.swift */,
				2EC76CC725C483B5008E19B3 /* Info.plist */,
			);
			path = PactConsumerSwiftExampleUITests;
			sourceTree = "<group>";
		};
		2EC76CD625C484F3008E19B3 /* HTTPService */ = {
			isa = PBXGroup;
			children = (
				2EC76CD725C48561008E19B3 /* HTTPRequestProtocol.swift */,
				2EC76CDF25C48574008E19B3 /* HTTPClient.swift */,
			);
			path = HTTPService;
			sourceTree = "<group>";
		};
/* End PBXGroup section */

/* Begin PBXNativeTarget section */
		2EC76C9F25C483B4008E19B3 /* PactConsumerSwiftExample */ = {
			isa = PBXNativeTarget;
			buildConfigurationList = 2EC76CCA25C483B5008E19B3 /* Build configuration list for PBXNativeTarget "PactConsumerSwiftExample" */;
			buildPhases = (
				2EC76C9C25C483B4008E19B3 /* Sources */,
				2EC76C9D25C483B4008E19B3 /* Frameworks */,
				2EC76C9E25C483B4008E19B3 /* Resources */,
			);
			buildRules = (
			);
			dependencies = (
			);
			name = PactConsumerSwiftExample;
			productName = PactConsumerSwiftExample;
			productReference = 2EC76CA025C483B4008E19B3 /* PactConsumerSwiftExample.app */;
			productType = "com.apple.product-type.application";
		};
		2EC76CB525C483B5008E19B3 /* PactConsumerSwiftExampleTests */ = {
			isa = PBXNativeTarget;
			buildConfigurationList = 2EC76CCD25C483B5008E19B3 /* Build configuration list for PBXNativeTarget "PactConsumerSwiftExampleTests" */;
			buildPhases = (
				2EC76CB225C483B5008E19B3 /* Sources */,
				2EC76CB325C483B5008E19B3 /* Frameworks */,
				2EC76CB425C483B5008E19B3 /* Resources */,
			);
			buildRules = (
			);
			dependencies = (
				2EC76CB825C483B5008E19B3 /* PBXTargetDependency */,
			);
			name = PactConsumerSwiftExampleTests;
			productName = PactConsumerSwiftExampleTests;
			productReference = 2EC76CB625C483B5008E19B3 /* PactConsumerSwiftExampleTests.xctest */;
			productType = "com.apple.product-type.bundle.unit-test";
		};
		2EC76CC025C483B5008E19B3 /* PactConsumerSwiftExampleUITests */ = {
			isa = PBXNativeTarget;
			buildConfigurationList = 2EC76CD025C483B5008E19B3 /* Build configuration list for PBXNativeTarget "PactConsumerSwiftExampleUITests" */;
			buildPhases = (
				2EC76CBD25C483B5008E19B3 /* Sources */,
				2EC76CBE25C483B5008E19B3 /* Frameworks */,
				2EC76CBF25C483B5008E19B3 /* Resources */,
			);
			buildRules = (
			);
			dependencies = (
				2EC76CC325C483B5008E19B3 /* PBXTargetDependency */,
			);
			name = PactConsumerSwiftExampleUITests;
			productName = PactConsumerSwiftExampleUITests;
			productReference = 2EC76CC125C483B5008E19B3 /* PactConsumerSwiftExampleUITests.xctest */;
			productType = "com.apple.product-type.bundle.ui-testing";
		};
/* End PBXNativeTarget section */

/* Begin PBXProject section */
		2EC76C9825C483B4008E19B3 /* Project object */ = {
			isa = PBXProject;
			attributes = {
				LastSwiftUpdateCheck = 1240;
				LastUpgradeCheck = 1240;
				TargetAttributes = {
					2EC76C9F25C483B4008E19B3 = {
						CreatedOnToolsVersion = 12.4;
					};
					2EC76CB525C483B5008E19B3 = {
						CreatedOnToolsVersion = 12.4;
						TestTargetID = 2EC76C9F25C483B4008E19B3;
					};
					2EC76CC025C483B5008E19B3 = {
						CreatedOnToolsVersion = 12.4;
						TestTargetID = 2EC76C9F25C483B4008E19B3;
					};
				};
			};
			buildConfigurationList = 2EC76C9B25C483B4008E19B3 /* Build configuration list for PBXProject "PactConsumerSwiftExample" */;
			compatibilityVersion = "Xcode 9.3";
			developmentRegion = en;
			hasScannedForEncodings = 0;
			knownRegions = (
				en,
				Base,
			);
			mainGroup = 2EC76C9725C483B4008E19B3;
			productRefGroup = 2EC76CA125C483B4008E19B3 /* Products */;
			projectDirPath = "";
			projectRoot = "";
			targets = (
				2EC76C9F25C483B4008E19B3 /* PactConsumerSwiftExample */,
				2EC76CB525C483B5008E19B3 /* PactConsumerSwiftExampleTests */,
				2EC76CC025C483B5008E19B3 /* PactConsumerSwiftExampleUITests */,
			);
		};
/* End PBXProject section */

/* Begin PBXResourcesBuildPhase section */
		2EC76C9E25C483B4008E19B3 /* Resources */ = {
			isa = PBXResourcesBuildPhase;
			buildActionMask = 2147483647;
			files = (
				2EC76CB025C483B5008E19B3 /* LaunchScreen.storyboard in Resources */,
				2EC76CAD25C483B5008E19B3 /* Assets.xcassets in Resources */,
				2EC76CAB25C483B4008E19B3 /* Main.storyboard in Resources */,
			);
			runOnlyForDeploymentPostprocessing = 0;
		};
		2EC76CB425C483B5008E19B3 /* Resources */ = {
			isa = PBXResourcesBuildPhase;
			buildActionMask = 2147483647;
			files = (
			);
			runOnlyForDeploymentPostprocessing = 0;
		};
		2EC76CBF25C483B5008E19B3 /* Resources */ = {
			isa = PBXResourcesBuildPhase;
			buildActionMask = 2147483647;
			files = (
			);
			runOnlyForDeploymentPostprocessing = 0;
		};
/* End PBXResourcesBuildPhase section */

/* Begin PBXSourcesBuildPhase section */
		2EC76C9C25C483B4008E19B3 /* Sources */ = {
			isa = PBXSourcesBuildPhase;
			buildActionMask = 2147483647;
			files = (
				2EC76CA825C483B4008E19B3 /* ViewController.swift in Sources */,
				2EC76CE025C48574008E19B3 /* HTTPClient.swift in Sources */,
				2EC76CA425C483B4008E19B3 /* AppDelegate.swift in Sources */,
				2EC76CA625C483B4008E19B3 /* SceneDelegate.swift in Sources */,
				2EC76CD825C48561008E19B3 /* HTTPRequestProtocol.swift in Sources */,
			);
			runOnlyForDeploymentPostprocessing = 0;
		};
		2EC76CB225C483B5008E19B3 /* Sources */ = {
			isa = PBXSourcesBuildPhase;
			buildActionMask = 2147483647;
			files = (
				2EC76CBB25C483B5008E19B3 /* PactConsumerSwiftExampleTests.swift in Sources */,
			);
			runOnlyForDeploymentPostprocessing = 0;
		};
		2EC76CBD25C483B5008E19B3 /* Sources */ = {
			isa = PBXSourcesBuildPhase;
			buildActionMask = 2147483647;
			files = (
				2EC76CC625C483B5008E19B3 /* PactConsumerSwiftExampleUITests.swift in Sources */,
			);
			runOnlyForDeploymentPostprocessing = 0;
		};
/* End PBXSourcesBuildPhase section */

/* Begin PBXTargetDependency section */
		2EC76CB825C483B5008E19B3 /* PBXTargetDependency */ = {
			isa = PBXTargetDependency;
			target = 2EC76C9F25C483B4008E19B3 /* PactConsumerSwiftExample */;
			targetProxy = 2EC76CB725C483B5008E19B3 /* PBXContainerItemProxy */;
		};
		2EC76CC325C483B5008E19B3 /* PBXTargetDependency */ = {
			isa = PBXTargetDependency;
			target = 2EC76C9F25C483B4008E19B3 /* PactConsumerSwiftExample */;
			targetProxy = 2EC76CC225C483B5008E19B3 /* PBXContainerItemProxy */;
		};
/* End PBXTargetDependency section */

/* Begin PBXVariantGroup section */
		2EC76CA925C483B4008E19B3 /* Main.storyboard */ = {
			isa = PBXVariantGroup;
			children = (
				2EC76CAA25C483B4008E19B3 /* Base */,
			);
			name = Main.storyboard;
			sourceTree = "<group>";
		};
		2EC76CAE25C483B5008E19B3 /* LaunchScreen.storyboard */ = {
			isa = PBXVariantGroup;
			children = (
				2EC76CAF25C483B5008E19B3 /* Base */,
			);
			name = LaunchScreen.storyboard;
			sourceTree = "<group>";
		};
/* End PBXVariantGroup section */

/* Begin XCBuildConfiguration section */
		2EC76CC825C483B5008E19B3 /* Debug */ = {
			isa = XCBuildConfiguration;
			buildSettings = {
				ALWAYS_SEARCH_USER_PATHS = NO;
				CLANG_ANALYZER_NONNULL = YES;
				CLANG_ANALYZER_NUMBER_OBJECT_CONVERSION = YES_AGGRESSIVE;
				CLANG_CXX_LANGUAGE_STANDARD = "gnu++14";
				CLANG_CXX_LIBRARY = "libc++";
				CLANG_ENABLE_MODULES = YES;
				CLANG_ENABLE_OBJC_ARC = YES;
				CLANG_ENABLE_OBJC_WEAK = YES;
				CLANG_WARN_BLOCK_CAPTURE_AUTORELEASING = YES;
				CLANG_WARN_BOOL_CONVERSION = YES;
				CLANG_WARN_COMMA = YES;
				CLANG_WARN_CONSTANT_CONVERSION = YES;
				CLANG_WARN_DEPRECATED_OBJC_IMPLEMENTATIONS = YES;
				CLANG_WARN_DIRECT_OBJC_ISA_USAGE = YES_ERROR;
				CLANG_WARN_DOCUMENTATION_COMMENTS = YES;
				CLANG_WARN_EMPTY_BODY = YES;
				CLANG_WARN_ENUM_CONVERSION = YES;
				CLANG_WARN_INFINITE_RECURSION = YES;
				CLANG_WARN_INT_CONVERSION = YES;
				CLANG_WARN_NON_LITERAL_NULL_CONVERSION = YES;
				CLANG_WARN_OBJC_IMPLICIT_RETAIN_SELF = YES;
				CLANG_WARN_OBJC_LITERAL_CONVERSION = YES;
				CLANG_WARN_OBJC_ROOT_CLASS = YES_ERROR;
				CLANG_WARN_QUOTED_INCLUDE_IN_FRAMEWORK_HEADER = YES;
				CLANG_WARN_RANGE_LOOP_ANALYSIS = YES;
				CLANG_WARN_STRICT_PROTOTYPES = YES;
				CLANG_WARN_SUSPICIOUS_MOVE = YES;
				CLANG_WARN_UNGUARDED_AVAILABILITY = YES_AGGRESSIVE;
				CLANG_WARN_UNREACHABLE_CODE = YES;
				CLANG_WARN__DUPLICATE_METHOD_MATCH = YES;
				COPY_PHASE_STRIP = NO;
				DEBUG_INFORMATION_FORMAT = dwarf;
				ENABLE_STRICT_OBJC_MSGSEND = YES;
				ENABLE_TESTABILITY = YES;
				GCC_C_LANGUAGE_STANDARD = gnu11;
				GCC_DYNAMIC_NO_PIC = NO;
				GCC_NO_COMMON_BLOCKS = YES;
				GCC_OPTIMIZATION_LEVEL = 0;
				GCC_PREPROCESSOR_DEFINITIONS = (
					"DEBUG=1",
					"$(inherited)",
				);
				GCC_WARN_64_TO_32_BIT_CONVERSION = YES;
				GCC_WARN_ABOUT_RETURN_TYPE = YES_ERROR;
				GCC_WARN_UNDECLARED_SELECTOR = YES;
				GCC_WARN_UNINITIALIZED_AUTOS = YES_AGGRESSIVE;
				GCC_WARN_UNUSED_FUNCTION = YES;
				GCC_WARN_UNUSED_VARIABLE = YES;
				IPHONEOS_DEPLOYMENT_TARGET = 14.4;
				MTL_ENABLE_DEBUG_INFO = INCLUDE_SOURCE;
				MTL_FAST_MATH = YES;
				ONLY_ACTIVE_ARCH = YES;
				SDKROOT = iphoneos;
				SWIFT_ACTIVE_COMPILATION_CONDITIONS = DEBUG;
				SWIFT_OPTIMIZATION_LEVEL = "-Onone";
			};
			name = Debug;
		};
		2EC76CC925C483B5008E19B3 /* Release */ = {
			isa = XCBuildConfiguration;
			buildSettings = {
				ALWAYS_SEARCH_USER_PATHS = NO;
				CLANG_ANALYZER_NONNULL = YES;
				CLANG_ANALYZER_NUMBER_OBJECT_CONVERSION = YES_AGGRESSIVE;
				CLANG_CXX_LANGUAGE_STANDARD = "gnu++14";
				CLANG_CXX_LIBRARY = "libc++";
				CLANG_ENABLE_MODULES = YES;
				CLANG_ENABLE_OBJC_ARC = YES;
				CLANG_ENABLE_OBJC_WEAK = YES;
				CLANG_WARN_BLOCK_CAPTURE_AUTORELEASING = YES;
				CLANG_WARN_BOOL_CONVERSION = YES;
				CLANG_WARN_COMMA = YES;
				CLANG_WARN_CONSTANT_CONVERSION = YES;
				CLANG_WARN_DEPRECATED_OBJC_IMPLEMENTATIONS = YES;
				CLANG_WARN_DIRECT_OBJC_ISA_USAGE = YES_ERROR;
				CLANG_WARN_DOCUMENTATION_COMMENTS = YES;
				CLANG_WARN_EMPTY_BODY = YES;
				CLANG_WARN_ENUM_CONVERSION = YES;
				CLANG_WARN_INFINITE_RECURSION = YES;
				CLANG_WARN_INT_CONVERSION = YES;
				CLANG_WARN_NON_LITERAL_NULL_CONVERSION = YES;
				CLANG_WARN_OBJC_IMPLICIT_RETAIN_SELF = YES;
				CLANG_WARN_OBJC_LITERAL_CONVERSION = YES;
				CLANG_WARN_OBJC_ROOT_CLASS = YES_ERROR;
				CLANG_WARN_QUOTED_INCLUDE_IN_FRAMEWORK_HEADER = YES;
				CLANG_WARN_RANGE_LOOP_ANALYSIS = YES;
				CLANG_WARN_STRICT_PROTOTYPES = YES;
				CLANG_WARN_SUSPICIOUS_MOVE = YES;
				CLANG_WARN_UNGUARDED_AVAILABILITY = YES_AGGRESSIVE;
				CLANG_WARN_UNREACHABLE_CODE = YES;
				CLANG_WARN__DUPLICATE_METHOD_MATCH = YES;
				COPY_PHASE_STRIP = NO;
				DEBUG_INFORMATION_FORMAT = "dwarf-with-dsym";
				ENABLE_NS_ASSERTIONS = NO;
				ENABLE_STRICT_OBJC_MSGSEND = YES;
				GCC_C_LANGUAGE_STANDARD = gnu11;
				GCC_NO_COMMON_BLOCKS = YES;
				GCC_WARN_64_TO_32_BIT_CONVERSION = YES;
				GCC_WARN_ABOUT_RETURN_TYPE = YES_ERROR;
				GCC_WARN_UNDECLARED_SELECTOR = YES;
				GCC_WARN_UNINITIALIZED_AUTOS = YES_AGGRESSIVE;
				GCC_WARN_UNUSED_FUNCTION = YES;
				GCC_WARN_UNUSED_VARIABLE = YES;
				IPHONEOS_DEPLOYMENT_TARGET = 14.4;
				MTL_ENABLE_DEBUG_INFO = NO;
				MTL_FAST_MATH = YES;
				SDKROOT = iphoneos;
				SWIFT_COMPILATION_MODE = wholemodule;
				SWIFT_OPTIMIZATION_LEVEL = "-O";
				VALIDATE_PRODUCT = YES;
			};
			name = Release;
		};
		2EC76CCB25C483B5008E19B3 /* Debug */ = {
			isa = XCBuildConfiguration;
			buildSettings = {
				ASSETCATALOG_COMPILER_APPICON_NAME = AppIcon;
				ASSETCATALOG_COMPILER_GLOBAL_ACCENT_COLOR_NAME = AccentColor;
				CODE_SIGN_STYLE = Automatic;
				DEVELOPMENT_TEAM = R7J3GQ72T5;
				INFOPLIST_FILE = PactConsumerSwiftExample/Info.plist;
				LD_RUNPATH_SEARCH_PATHS = (
					"$(inherited)",
					"@executable_path/Frameworks",
				);
				PRODUCT_BUNDLE_IDENTIFIER = carlos.PactConsumerSwiftExample;
				PRODUCT_NAME = "$(TARGET_NAME)";
				SWIFT_VERSION = 5.0;
				TARGETED_DEVICE_FAMILY = "1,2";
			};
			name = Debug;
		};
		2EC76CCC25C483B5008E19B3 /* Release */ = {
			isa = XCBuildConfiguration;
			buildSettings = {
				ASSETCATALOG_COMPILER_APPICON_NAME = AppIcon;
				ASSETCATALOG_COMPILER_GLOBAL_ACCENT_COLOR_NAME = AccentColor;
				CODE_SIGN_STYLE = Automatic;
				DEVELOPMENT_TEAM = R7J3GQ72T5;
				INFOPLIST_FILE = PactConsumerSwiftExample/Info.plist;
				LD_RUNPATH_SEARCH_PATHS = (
					"$(inherited)",
					"@executable_path/Frameworks",
				);
				PRODUCT_BUNDLE_IDENTIFIER = carlos.PactConsumerSwiftExample;
				PRODUCT_NAME = "$(TARGET_NAME)";
				SWIFT_VERSION = 5.0;
				TARGETED_DEVICE_FAMILY = "1,2";
			};
			name = Release;
		};
		2EC76CCE25C483B5008E19B3 /* Debug */ = {
			isa = XCBuildConfiguration;
			buildSettings = {
				ALWAYS_EMBED_SWIFT_STANDARD_LIBRARIES = YES;
				BUNDLE_LOADER = "$(TEST_HOST)";
				CODE_SIGN_STYLE = Automatic;
				DEVELOPMENT_TEAM = R7J3GQ72T5;
				INFOPLIST_FILE = PactConsumerSwiftExampleTests/Info.plist;
				IPHONEOS_DEPLOYMENT_TARGET = 14.4;
				LD_RUNPATH_SEARCH_PATHS = (
					"$(inherited)",
					"@executable_path/Frameworks",
					"@loader_path/Frameworks",
				);
				PRODUCT_BUNDLE_IDENTIFIER = carlos.PactConsumerSwiftExampleTests;
				PRODUCT_NAME = "$(TARGET_NAME)";
				SWIFT_VERSION = 5.0;
				TARGETED_DEVICE_FAMILY = "1,2";
				TEST_HOST = "$(BUILT_PRODUCTS_DIR)/PactConsumerSwiftExample.app/PactConsumerSwiftExample";
			};
			name = Debug;
		};
		2EC76CCF25C483B5008E19B3 /* Release */ = {
			isa = XCBuildConfiguration;
			buildSettings = {
				ALWAYS_EMBED_SWIFT_STANDARD_LIBRARIES = YES;
				BUNDLE_LOADER = "$(TEST_HOST)";
				CODE_SIGN_STYLE = Automatic;
				DEVELOPMENT_TEAM = R7J3GQ72T5;
				INFOPLIST_FILE = PactConsumerSwiftExampleTests/Info.plist;
				IPHONEOS_DEPLOYMENT_TARGET = 14.4;
				LD_RUNPATH_SEARCH_PATHS = (
					"$(inherited)",
					"@executable_path/Frameworks",
					"@loader_path/Frameworks",
				);
				PRODUCT_BUNDLE_IDENTIFIER = carlos.PactConsumerSwiftExampleTests;
				PRODUCT_NAME = "$(TARGET_NAME)";
				SWIFT_VERSION = 5.0;
				TARGETED_DEVICE_FAMILY = "1,2";
				TEST_HOST = "$(BUILT_PRODUCTS_DIR)/PactConsumerSwiftExample.app/PactConsumerSwiftExample";
			};
			name = Release;
		};
		2EC76CD125C483B5008E19B3 /* Debug */ = {
			isa = XCBuildConfiguration;
			buildSettings = {
				ALWAYS_EMBED_SWIFT_STANDARD_LIBRARIES = YES;
				CODE_SIGN_STYLE = Automatic;
				DEVELOPMENT_TEAM = R7J3GQ72T5;
				INFOPLIST_FILE = PactConsumerSwiftExampleUITests/Info.plist;
				LD_RUNPATH_SEARCH_PATHS = (
					"$(inherited)",
					"@executable_path/Frameworks",
					"@loader_path/Frameworks",
				);
				PRODUCT_BUNDLE_IDENTIFIER = carlos.PactConsumerSwiftExampleUITests;
				PRODUCT_NAME = "$(TARGET_NAME)";
				SWIFT_VERSION = 5.0;
				TARGETED_DEVICE_FAMILY = "1,2";
				TEST_TARGET_NAME = PactConsumerSwiftExample;
			};
			name = Debug;
		};
		2EC76CD225C483B5008E19B3 /* Release */ = {
			isa = XCBuildConfiguration;
			buildSettings = {
				ALWAYS_EMBED_SWIFT_STANDARD_LIBRARIES = YES;
				CODE_SIGN_STYLE = Automatic;
				DEVELOPMENT_TEAM = R7J3GQ72T5;
				INFOPLIST_FILE = PactConsumerSwiftExampleUITests/Info.plist;
				LD_RUNPATH_SEARCH_PATHS = (
					"$(inherited)",
					"@executable_path/Frameworks",
					"@loader_path/Frameworks",
				);
				PRODUCT_BUNDLE_IDENTIFIER = carlos.PactConsumerSwiftExampleUITests;
				PRODUCT_NAME = "$(TARGET_NAME)";
				SWIFT_VERSION = 5.0;
				TARGETED_DEVICE_FAMILY = "1,2";
				TEST_TARGET_NAME = PactConsumerSwiftExample;
			};
			name = Release;
		};
/* End XCBuildConfiguration section */

/* Begin XCConfigurationList section */
		2EC76C9B25C483B4008E19B3 /* Build configuration list for PBXProject "PactConsumerSwiftExample" */ = {
			isa = XCConfigurationList;
			buildConfigurations = (
				2EC76CC825C483B5008E19B3 /* Debug */,
				2EC76CC925C483B5008E19B3 /* Release */,
			);
			defaultConfigurationIsVisible = 0;
			defaultConfigurationName = Release;
		};
		2EC76CCA25C483B5008E19B3 /* Build configuration list for PBXNativeTarget "PactConsumerSwiftExample" */ = {
			isa = XCConfigurationList;
			buildConfigurations = (
				2EC76CCB25C483B5008E19B3 /* Debug */,
				2EC76CCC25C483B5008E19B3 /* Release */,
			);
			defaultConfigurationIsVisible = 0;
			defaultConfigurationName = Release;
		};
		2EC76CCD25C483B5008E19B3 /* Build configuration list for PBXNativeTarget "PactConsumerSwiftExampleTests" */ = {
			isa = XCConfigurationList;
			buildConfigurations = (
				2EC76CCE25C483B5008E19B3 /* Debug */,
				2EC76CCF25C483B5008E19B3 /* Release */,
			);
			defaultConfigurationIsVisible = 0;
			defaultConfigurationName = Release;
		};
		2EC76CD025C483B5008E19B3 /* Build configuration list for PBXNativeTarget "PactConsumerSwiftExampleUITests" */ = {
			isa = XCConfigurationList;
			buildConfigurations = (
				2EC76CD125C483B5008E19B3 /* Debug */,
				2EC76CD225C483B5008E19B3 /* Release */,
			);
			defaultConfigurationIsVisible = 0;
			defaultConfigurationName = Release;
		};
/* End XCConfigurationList section */
	};
	rootObject = 2EC76C9825C483B4008E19B3 /* Project object */;
}
